
Microsoft Visual Studio Solution File, Format Version 12.00
# Visual Studio Version 17
VisualStudioVersion = 17.10.35013.160
MinimumVisualStudioVersion = 10.0.40219.1
Project("{FAE04EC0-301F-11D3-BF4B-00C04F79EFBC}") = "FileHandling", "FileHandling.csproj", "{351CF2DF-5544-4419-B6E7-E6E26BF3F93B}"
EndProject
Global
	GlobalSection(SolutionConfigurationPlatforms) = preSolution
		Debug|Any CPU = Debug|Any CPU
		Release|Any CPU = Release|Any CPU
	EndGlobalSection
	GlobalSection(ProjectConfigurationPlatforms) = postSolution
		{351CF2DF-5544-4419-B6E7-E6E26BF3F93B}.Debug|Any CPU.ActiveCfg = Debug|Any CPU
		{351CF2DF-5544-4419-B6E7-E6E26BF3F93B}.Debug|Any CPU.Build.0 = Debug|Any CPU
		{351CF2DF-5544-4419-B6E7-E6E26BF3F93B}.Release|Any CPU.ActiveCfg = Release|Any CPU
		{351CF2DF-5544-4419-B6E7-E6E26BF3F93B}.Release|Any CPU.Build.0 = Release|Any CPU
	EndGlobalSection
	GlobalSection(SolutionProperties) = preSolution
		HideSolutionNode = FALSE
	EndGlobalSection
	GlobalSection(ExtensibilityGlobals) = postSolution
		SolutionGuid = {237D7F2D-CFD1-4296-B33F-C7B025E717D0}
	EndGlobalSection
EndGlobal
